{
    "version": 3,
    "terraform_version": "0.12.31",
    "serial": 1,
    "lineage": "0ec62d2c-1ee4-b505-01d3-a0d309aa4feb",
    "modules": [
        {
            "path": [
                "root"
            ],
            "outputs": {
                "aws_cloudwatch_metric_alarm_tfer--TargetTracking-002D-table-002F-dmQuestion-002D-AlarmHigh-002D-bab6743e-002D-cc24-002D-45cd-002D-a6e0-002D-0d9d27bfa3bd_id": {
                    "sensitive": false,
                    "type": "string",
                    "value": "TargetTracking-table/dmQuestion-AlarmHigh-bab6743e-cc24-45cd-a6e0-0d9d27bfa3bd"
                },
                "aws_cloudwatch_metric_alarm_tfer--TargetTracking-002D-table-002F-dmQuestion-002D-AlarmHigh-002D-c0cec5db-002D-0208-002D-4e8b-002D-bb44-002D-0b0885ac02b5_id": {
                    "sensitive": false,
                    "type": "string",
                    "value": "TargetTracking-table/dmQuestion-AlarmHigh-c0cec5db-0208-4e8b-bb44-0b0885ac02b5"
                },
                "aws_cloudwatch_metric_alarm_tfer--TargetTracking-002D-table-002F-dmQuestion-002D-AlarmLow-002D-1dcbbfe3-002D-47a6-002D-4b8f-002D-b123-002D-a489b805ad6f_id": {
                    "sensitive": false,
                    "type": "string",
                    "value": "TargetTracking-table/dmQuestion-AlarmLow-1dcbbfe3-47a6-4b8f-b123-a489b805ad6f"
                },
                "aws_cloudwatch_metric_alarm_tfer--TargetTracking-002D-table-002F-dmQuestion-002D-AlarmLow-002D-229a5354-002D-8ab4-002D-4ca0-002D-9651-002D-f4ba566574e3_id": {
                    "sensitive": false,
                    "type": "string",
                    "value": "TargetTracking-table/dmQuestion-AlarmLow-229a5354-8ab4-4ca0-9651-f4ba566574e3"
                },
                "aws_cloudwatch_metric_alarm_tfer--TargetTracking-002D-table-002F-dmQuestion-002D-ProvisionedCapacityHigh-002D-b45249e1-002D-ee5e-002D-46cd-002D-8059-002D-24edc591f800_id": {
                    "sensitive": false,
                    "type": "string",
                    "value": "TargetTracking-table/dmQuestion-ProvisionedCapacityHigh-b45249e1-ee5e-46cd-8059-24edc591f800"
                },
                "aws_cloudwatch_metric_alarm_tfer--TargetTracking-002D-table-002F-dmQuestion-002D-ProvisionedCapacityHigh-002D-ca3e28ce-002D-dcc0-002D-42c6-002D-beb6-002D-ea88046fd4c2_id": {
                    "sensitive": false,
                    "type": "string",
                    "value": "TargetTracking-table/dmQuestion-ProvisionedCapacityHigh-ca3e28ce-dcc0-42c6-beb6-ea88046fd4c2"
                },
                "aws_cloudwatch_metric_alarm_tfer--TargetTracking-002D-table-002F-dmQuestion-002D-ProvisionedCapacityLow-002D-8f486c4e-002D-e463-002D-42ca-002D-b676-002D-3df3e684748a_id": {
                    "sensitive": false,
                    "type": "string",
                    "value": "TargetTracking-table/dmQuestion-ProvisionedCapacityLow-8f486c4e-e463-42ca-b676-3df3e684748a"
                },
                "aws_cloudwatch_metric_alarm_tfer--TargetTracking-002D-table-002F-dmQuestion-002D-ProvisionedCapacityLow-002D-c66c6589-002D-fa62-002D-44d6-002D-b9e2-002D-6c566f74ad29_id": {
                    "sensitive": false,
                    "type": "string",
                    "value": "TargetTracking-table/dmQuestion-ProvisionedCapacityLow-c66c6589-fa62-44d6-b9e2-6c566f74ad29"
                },
                "aws_cloudwatch_metric_alarm_tfer--TargetTracking-002D-table-002F-headsincloud_question-002D-AlarmHigh-002D-33accf37-002D-99f1-002D-4138-002D-8322-002D-4e867996b39c_id": {
                    "sensitive": false,
                    "type": "string",
                    "value": "TargetTracking-table/headsincloud_question-AlarmHigh-33accf37-99f1-4138-8322-4e867996b39c"
                },
                "aws_cloudwatch_metric_alarm_tfer--TargetTracking-002D-table-002F-headsincloud_question-002D-AlarmHigh-002D-9a36ff65-002D-755e-002D-4d20-002D-8421-002D-9289cedd4026_id": {
                    "sensitive": false,
                    "type": "string",
                    "value": "TargetTracking-table/headsincloud_question-AlarmHigh-9a36ff65-755e-4d20-8421-9289cedd4026"
                },
                "aws_cloudwatch_metric_alarm_tfer--TargetTracking-002D-table-002F-headsincloud_question-002D-AlarmLow-002D-02e8cdf4-002D-c4c4-002D-40e2-002D-9580-002D-873dc4a542b5_id": {
                    "sensitive": false,
                    "type": "string",
                    "value": "TargetTracking-table/headsincloud_question-AlarmLow-02e8cdf4-c4c4-40e2-9580-873dc4a542b5"
                },
                "aws_cloudwatch_metric_alarm_tfer--TargetTracking-002D-table-002F-headsincloud_question-002D-AlarmLow-002D-47339d62-002D-2728-002D-4858-002D-a151-002D-b38a39db70ab_id": {
                    "sensitive": false,
                    "type": "string",
                    "value": "TargetTracking-table/headsincloud_question-AlarmLow-47339d62-2728-4858-a151-b38a39db70ab"
                },
                "aws_cloudwatch_metric_alarm_tfer--TargetTracking-002D-table-002F-headsincloud_question-002D-ProvisionedCapacityHigh-002D-b6f0954c-002D-7097-002D-45c7-002D-9d42-002D-0e76d798c181_id": {
                    "sensitive": false,
                    "type": "string",
                    "value": "TargetTracking-table/headsincloud_question-ProvisionedCapacityHigh-b6f0954c-7097-45c7-9d42-0e76d798c181"
                },
                "aws_cloudwatch_metric_alarm_tfer--TargetTracking-002D-table-002F-headsincloud_question-002D-ProvisionedCapacityHigh-002D-fb3292b1-002D-4581-002D-4f25-002D-9c7b-002D-b8c47b7bcc61_id": {
                    "sensitive": false,
                    "type": "string",
                    "value": "TargetTracking-table/headsincloud_question-ProvisionedCapacityHigh-fb3292b1-4581-4f25-9c7b-b8c47b7bcc61"
                },
                "aws_cloudwatch_metric_alarm_tfer--TargetTracking-002D-table-002F-headsincloud_question-002D-ProvisionedCapacityLow-002D-42d65f13-002D-838f-002D-4e62-002D-960b-002D-dd9bc2c800d6_id": {
                    "sensitive": false,
                    "type": "string",
                    "value": "TargetTracking-table/headsincloud_question-ProvisionedCapacityLow-42d65f13-838f-4e62-960b-dd9bc2c800d6"
                },
                "aws_cloudwatch_metric_alarm_tfer--TargetTracking-002D-table-002F-headsincloud_question-002D-ProvisionedCapacityLow-002D-f306d023-002D-4c2f-002D-4cee-002D-89c0-002D-05a366846bc2_id": {
                    "sensitive": false,
                    "type": "string",
                    "value": "TargetTracking-table/headsincloud_question-ProvisionedCapacityLow-f306d023-4c2f-4cee-89c0-05a366846bc2"
                },
                "aws_cloudwatch_metric_alarm_tfer--TargetTracking-002D-table-002F-testdelete-002D-AlarmHigh-002D-0a9e2b1d-002D-ad01-002D-45fc-002D-95c8-002D-765f8ee3ebf0_id": {
                    "sensitive": false,
                    "type": "string",
                    "value": "TargetTracking-table/testdelete-AlarmHigh-0a9e2b1d-ad01-45fc-95c8-765f8ee3ebf0"
                },
                "aws_cloudwatch_metric_alarm_tfer--TargetTracking-002D-table-002F-testdelete-002D-AlarmHigh-002D-d3c8513c-002D-b4fb-002D-4ea7-002D-b10a-002D-6b1dd2eca396_id": {
                    "sensitive": false,
                    "type": "string",
                    "value": "TargetTracking-table/testdelete-AlarmHigh-d3c8513c-b4fb-4ea7-b10a-6b1dd2eca396"
                },
                "aws_cloudwatch_metric_alarm_tfer--TargetTracking-002D-table-002F-testdelete-002D-AlarmLow-002D-a019f377-002D-f9db-002D-4a09-002D-a3a9-002D-c78183b0fa41_id": {
                    "sensitive": false,
                    "type": "string",
                    "value": "TargetTracking-table/testdelete-AlarmLow-a019f377-f9db-4a09-a3a9-c78183b0fa41"
                },
                "aws_cloudwatch_metric_alarm_tfer--TargetTracking-002D-table-002F-testdelete-002D-AlarmLow-002D-c117a565-002D-2cfe-002D-4409-002D-a9a1-002D-5b9749b79159_id": {
                    "sensitive": false,
                    "type": "string",
                    "value": "TargetTracking-table/testdelete-AlarmLow-c117a565-2cfe-4409-a9a1-5b9749b79159"
                },
                "aws_cloudwatch_metric_alarm_tfer--TargetTracking-002D-table-002F-testdelete-002D-ProvisionedCapacityHigh-002D-7c1ae1cb-002D-e49d-002D-4256-002D-9e21-002D-1e5dc70ac983_id": {
                    "sensitive": false,
                    "type": "string",
                    "value": "TargetTracking-table/testdelete-ProvisionedCapacityHigh-7c1ae1cb-e49d-4256-9e21-1e5dc70ac983"
                },
                "aws_cloudwatch_metric_alarm_tfer--TargetTracking-002D-table-002F-testdelete-002D-ProvisionedCapacityHigh-002D-961cfb39-002D-1e1e-002D-4a30-002D-a537-002D-cc15701191b0_id": {
                    "sensitive": false,
                    "type": "string",
                    "value": "TargetTracking-table/testdelete-ProvisionedCapacityHigh-961cfb39-1e1e-4a30-a537-cc15701191b0"
                },
                "aws_cloudwatch_metric_alarm_tfer--TargetTracking-002D-table-002F-testdelete-002D-ProvisionedCapacityLow-002D-385d98d9-002D-8e81-002D-47cd-002D-815c-002D-7e9dcf9e4e3f_id": {
                    "sensitive": false,
                    "type": "string",
                    "value": "TargetTracking-table/testdelete-ProvisionedCapacityLow-385d98d9-8e81-47cd-815c-7e9dcf9e4e3f"
                },
                "aws_cloudwatch_metric_alarm_tfer--TargetTracking-002D-table-002F-testdelete-002D-ProvisionedCapacityLow-002D-bfc12284-002D-2be7-002D-432c-002D-8fe7-002D-9bf5b1d6fcfe_id": {
                    "sensitive": false,
                    "type": "string",
                    "value": "TargetTracking-table/testdelete-ProvisionedCapacityLow-bfc12284-2be7-432c-8fe7-9bf5b1d6fcfe"
                }
            },
            "resources": {
                "aws_cloudwatch_metric_alarm.tfer--TargetTracking-002D-table-002F-dmQuestion-002D-AlarmHigh-002D-bab6743e-002D-cc24-002D-45cd-002D-a6e0-002D-0d9d27bfa3bd": {
                    "type": "aws_cloudwatch_metric_alarm",
                    "depends_on": [],
                    "primary": {
                        "id": "TargetTracking-table/dmQuestion-AlarmHigh-bab6743e-cc24-45cd-a6e0-0d9d27bfa3bd",
                        "attributes": {
                            "actions_enabled": "true",
                            "alarm_actions.#": "1",
                            "alarm_actions.0": "arn:aws:autoscaling:us-east-1:744302382340:scalingPolicy:eb838934-9f8c-4b9a-b0a0-7007120c2d1f:resource/dynamodb/table/dmQuestion:policyName/$dmQuestion-scaling-policy:createdBy/003135b0-4335-4463-ad50-4c9c328c07a1",
                            "alarm_description": "DO NOT EDIT OR DELETE. For TargetTrackingScaling policy arn:aws:autoscaling:us-east-1:744302382340:scalingPolicy:eb838934-9f8c-4b9a-b0a0-7007120c2d1f:resource/dynamodb/table/dmQuestion:policyName/$dmQuestion-scaling-policy:createdBy/003135b0-4335-4463-ad50-4c9c328c07a1.",
                            "alarm_name": "TargetTracking-table/dmQuestion-AlarmHigh-bab6743e-cc24-45cd-a6e0-0d9d27bfa3bd",
                            "arn": "arn:aws:cloudwatch:us-east-1:744302382340:alarm:TargetTracking-table/dmQuestion-AlarmHigh-bab6743e-cc24-45cd-a6e0-0d9d27bfa3bd",
                            "comparison_operator": "GreaterThanThreshold",
                            "datapoints_to_alarm": "0",
                            "dimensions.%": "1",
                            "dimensions.TableName": "dmQuestion",
                            "evaluate_low_sample_count_percentiles": "",
                            "evaluation_periods": "2",
                            "extended_statistic": "",
                            "id": "TargetTracking-table/dmQuestion-AlarmHigh-bab6743e-cc24-45cd-a6e0-0d9d27bfa3bd",
                            "insufficient_data_actions.#": "0",
                            "metric_name": "ConsumedWriteCapacityUnits",
                            "namespace": "AWS/DynamoDB",
                            "ok_actions.#": "0",
                            "period": "60",
                            "statistic": "Sum",
                            "tags.%": "0",
                            "tags_all.%": "0",
                            "threshold": "42",
                            "threshold_metric_id": "",
                            "treat_missing_data": "",
                            "unit": ""
                        },
                        "meta": {
                            "schema_version": 1
                        },
                        "tainted": false
                    },
                    "deposed": [],
                    "provider": "provider.aws"
                },
                "aws_cloudwatch_metric_alarm.tfer--TargetTracking-002D-table-002F-dmQuestion-002D-AlarmHigh-002D-c0cec5db-002D-0208-002D-4e8b-002D-bb44-002D-0b0885ac02b5": {
                    "type": "aws_cloudwatch_metric_alarm",
                    "depends_on": [],
                    "primary": {
                        "id": "TargetTracking-table/dmQuestion-AlarmHigh-c0cec5db-0208-4e8b-bb44-0b0885ac02b5",
                        "attributes": {
                            "actions_enabled": "true",
                            "alarm_actions.#": "1",
                            "alarm_actions.0": "arn:aws:autoscaling:us-east-1:744302382340:scalingPolicy:d1479d89-bf74-4e76-ae9c-8d88c290745c:resource/dynamodb/table/dmQuestion:policyName/$dmQuestion-scaling-policy:createdBy/37f0ae7e-a441-41b5-ad36-6463e2b3928a",
                            "alarm_description": "DO NOT EDIT OR DELETE. For TargetTrackingScaling policy arn:aws:autoscaling:us-east-1:744302382340:scalingPolicy:d1479d89-bf74-4e76-ae9c-8d88c290745c:resource/dynamodb/table/dmQuestion:policyName/$dmQuestion-scaling-policy:createdBy/37f0ae7e-a441-41b5-ad36-6463e2b3928a.",
                            "alarm_name": "TargetTracking-table/dmQuestion-AlarmHigh-c0cec5db-0208-4e8b-bb44-0b0885ac02b5",
                            "arn": "arn:aws:cloudwatch:us-east-1:744302382340:alarm:TargetTracking-table/dmQuestion-AlarmHigh-c0cec5db-0208-4e8b-bb44-0b0885ac02b5",
                            "comparison_operator": "GreaterThanThreshold",
                            "datapoints_to_alarm": "0",
                            "dimensions.%": "1",
                            "dimensions.TableName": "dmQuestion",
                            "evaluate_low_sample_count_percentiles": "",
                            "evaluation_periods": "2",
                            "extended_statistic": "",
                            "id": "TargetTracking-table/dmQuestion-AlarmHigh-c0cec5db-0208-4e8b-bb44-0b0885ac02b5",
                            "insufficient_data_actions.#": "0",
                            "metric_name": "ConsumedReadCapacityUnits",
                            "namespace": "AWS/DynamoDB",
                            "ok_actions.#": "0",
                            "period": "60",
                            "statistic": "Sum",
                            "tags.%": "0",
                            "tags_all.%": "0",
                            "threshold": "42",
                            "threshold_metric_id": "",
                            "treat_missing_data": "",
                            "unit": ""
                        },
                        "meta": {
                            "schema_version": 1
                        },
                        "tainted": false
                    },
                    "deposed": [],
                    "provider": "provider.aws"
                },
                "aws_cloudwatch_metric_alarm.tfer--TargetTracking-002D-table-002F-dmQuestion-002D-AlarmLow-002D-1dcbbfe3-002D-47a6-002D-4b8f-002D-b123-002D-a489b805ad6f": {
                    "type": "aws_cloudwatch_metric_alarm",
                    "depends_on": [],
                    "primary": {
                        "id": "TargetTracking-table/dmQuestion-AlarmLow-1dcbbfe3-47a6-4b8f-b123-a489b805ad6f",
                        "attributes": {
                            "actions_enabled": "true",
                            "alarm_actions.#": "1",
                            "alarm_actions.0": "arn:aws:autoscaling:us-east-1:744302382340:scalingPolicy:d1479d89-bf74-4e76-ae9c-8d88c290745c:resource/dynamodb/table/dmQuestion:policyName/$dmQuestion-scaling-policy:createdBy/37f0ae7e-a441-41b5-ad36-6463e2b3928a",
                            "alarm_description": "DO NOT EDIT OR DELETE. For TargetTrackingScaling policy arn:aws:autoscaling:us-east-1:744302382340:scalingPolicy:d1479d89-bf74-4e76-ae9c-8d88c290745c:resource/dynamodb/table/dmQuestion:policyName/$dmQuestion-scaling-policy:createdBy/37f0ae7e-a441-41b5-ad36-6463e2b3928a.",
                            "alarm_name": "TargetTracking-table/dmQuestion-AlarmLow-1dcbbfe3-47a6-4b8f-b123-a489b805ad6f",
                            "arn": "arn:aws:cloudwatch:us-east-1:744302382340:alarm:TargetTracking-table/dmQuestion-AlarmLow-1dcbbfe3-47a6-4b8f-b123-a489b805ad6f",
                            "comparison_operator": "LessThanThreshold",
                            "datapoints_to_alarm": "0",
                            "dimensions.%": "1",
                            "dimensions.TableName": "dmQuestion",
                            "evaluate_low_sample_count_percentiles": "",
                            "evaluation_periods": "15",
                            "extended_statistic": "",
                            "id": "TargetTracking-table/dmQuestion-AlarmLow-1dcbbfe3-47a6-4b8f-b123-a489b805ad6f",
                            "insufficient_data_actions.#": "0",
                            "metric_name": "ConsumedReadCapacityUnits",
                            "namespace": "AWS/DynamoDB",
                            "ok_actions.#": "0",
                            "period": "60",
                            "statistic": "Sum",
                            "tags.%": "0",
                            "tags_all.%": "0",
                            "threshold": "30",
                            "threshold_metric_id": "",
                            "treat_missing_data": "",
                            "unit": ""
                        },
                        "meta": {
                            "schema_version": 1
                        },
                        "tainted": false
                    },
                    "deposed": [],
                    "provider": "provider.aws"
                },
                "aws_cloudwatch_metric_alarm.tfer--TargetTracking-002D-table-002F-dmQuestion-002D-AlarmLow-002D-229a5354-002D-8ab4-002D-4ca0-002D-9651-002D-f4ba566574e3": {
                    "type": "aws_cloudwatch_metric_alarm",
                    "depends_on": [],
                    "primary": {
                        "id": "TargetTracking-table/dmQuestion-AlarmLow-229a5354-8ab4-4ca0-9651-f4ba566574e3",
                        "attributes": {
                            "actions_enabled": "true",
                            "alarm_actions.#": "1",
                            "alarm_actions.0": "arn:aws:autoscaling:us-east-1:744302382340:scalingPolicy:eb838934-9f8c-4b9a-b0a0-7007120c2d1f:resource/dynamodb/table/dmQuestion:policyName/$dmQuestion-scaling-policy:createdBy/003135b0-4335-4463-ad50-4c9c328c07a1",
                            "alarm_description": "DO NOT EDIT OR DELETE. For TargetTrackingScaling policy arn:aws:autoscaling:us-east-1:744302382340:scalingPolicy:eb838934-9f8c-4b9a-b0a0-7007120c2d1f:resource/dynamodb/table/dmQuestion:policyName/$dmQuestion-scaling-policy:createdBy/003135b0-4335-4463-ad50-4c9c328c07a1.",
                            "alarm_name": "TargetTracking-table/dmQuestion-AlarmLow-229a5354-8ab4-4ca0-9651-f4ba566574e3",
                            "arn": "arn:aws:cloudwatch:us-east-1:744302382340:alarm:TargetTracking-table/dmQuestion-AlarmLow-229a5354-8ab4-4ca0-9651-f4ba566574e3",
                            "comparison_operator": "LessThanThreshold",
                            "datapoints_to_alarm": "0",
                            "dimensions.%": "1",
                            "dimensions.TableName": "dmQuestion",
                            "evaluate_low_sample_count_percentiles": "",
                            "evaluation_periods": "15",
                            "extended_statistic": "",
                            "id": "TargetTracking-table/dmQuestion-AlarmLow-229a5354-8ab4-4ca0-9651-f4ba566574e3",
                            "insufficient_data_actions.#": "0",
                            "metric_name": "ConsumedWriteCapacityUnits",
                            "namespace": "AWS/DynamoDB",
                            "ok_actions.#": "0",
                            "period": "60",
                            "statistic": "Sum",
                            "tags.%": "0",
                            "tags_all.%": "0",
                            "threshold": "30",
                            "threshold_metric_id": "",
                            "treat_missing_data": "",
                            "unit": ""
                        },
                        "meta": {
                            "schema_version": 1
                        },
                        "tainted": false
                    },
                    "deposed": [],
                    "provider": "provider.aws"
                },
                "aws_cloudwatch_metric_alarm.tfer--TargetTracking-002D-table-002F-dmQuestion-002D-ProvisionedCapacityHigh-002D-b45249e1-002D-ee5e-002D-46cd-002D-8059-002D-24edc591f800": {
                    "type": "aws_cloudwatch_metric_alarm",
                    "depends_on": [],
                    "primary": {
                        "id": "TargetTracking-table/dmQuestion-ProvisionedCapacityHigh-b45249e1-ee5e-46cd-8059-24edc591f800",
                        "attributes": {
                            "actions_enabled": "true",
                            "alarm_actions.#": "1",
                            "alarm_actions.0": "arn:aws:autoscaling:us-east-1:744302382340:scalingPolicy:eb838934-9f8c-4b9a-b0a0-7007120c2d1f:resource/dynamodb/table/dmQuestion:policyName/$dmQuestion-scaling-policy:createdBy/003135b0-4335-4463-ad50-4c9c328c07a1",
                            "alarm_description": "DO NOT EDIT OR DELETE. For TargetTrackingScaling policy arn:aws:autoscaling:us-east-1:744302382340:scalingPolicy:eb838934-9f8c-4b9a-b0a0-7007120c2d1f:resource/dynamodb/table/dmQuestion:policyName/$dmQuestion-scaling-policy:createdBy/003135b0-4335-4463-ad50-4c9c328c07a1.",
                            "alarm_name": "TargetTracking-table/dmQuestion-ProvisionedCapacityHigh-b45249e1-ee5e-46cd-8059-24edc591f800",
                            "arn": "arn:aws:cloudwatch:us-east-1:744302382340:alarm:TargetTracking-table/dmQuestion-ProvisionedCapacityHigh-b45249e1-ee5e-46cd-8059-24edc591f800",
                            "comparison_operator": "GreaterThanThreshold",
                            "datapoints_to_alarm": "0",
                            "dimensions.%": "1",
                            "dimensions.TableName": "dmQuestion",
                            "evaluate_low_sample_count_percentiles": "",
                            "evaluation_periods": "3",
                            "extended_statistic": "",
                            "id": "TargetTracking-table/dmQuestion-ProvisionedCapacityHigh-b45249e1-ee5e-46cd-8059-24edc591f800",
                            "insufficient_data_actions.#": "0",
                            "metric_name": "ProvisionedWriteCapacityUnits",
                            "namespace": "AWS/DynamoDB",
                            "ok_actions.#": "0",
                            "period": "300",
                            "statistic": "Average",
                            "tags.%": "0",
                            "tags_all.%": "0",
                            "threshold": "1",
                            "threshold_metric_id": "",
                            "treat_missing_data": "",
                            "unit": ""
                        },
                        "meta": {
                            "schema_version": 1
                        },
                        "tainted": false
                    },
                    "deposed": [],
                    "provider": "provider.aws"
                },
                "aws_cloudwatch_metric_alarm.tfer--TargetTracking-002D-table-002F-dmQuestion-002D-ProvisionedCapacityHigh-002D-ca3e28ce-002D-dcc0-002D-42c6-002D-beb6-002D-ea88046fd4c2": {
                    "type": "aws_cloudwatch_metric_alarm",
                    "depends_on": [],
                    "primary": {
                        "id": "TargetTracking-table/dmQuestion-ProvisionedCapacityHigh-ca3e28ce-dcc0-42c6-beb6-ea88046fd4c2",
                        "attributes": {
                            "actions_enabled": "true",
                            "alarm_actions.#": "1",
                            "alarm_actions.0": "arn:aws:autoscaling:us-east-1:744302382340:scalingPolicy:d1479d89-bf74-4e76-ae9c-8d88c290745c:resource/dynamodb/table/dmQuestion:policyName/$dmQuestion-scaling-policy:createdBy/37f0ae7e-a441-41b5-ad36-6463e2b3928a",
                            "alarm_description": "DO NOT EDIT OR DELETE. For TargetTrackingScaling policy arn:aws:autoscaling:us-east-1:744302382340:scalingPolicy:d1479d89-bf74-4e76-ae9c-8d88c290745c:resource/dynamodb/table/dmQuestion:policyName/$dmQuestion-scaling-policy:createdBy/37f0ae7e-a441-41b5-ad36-6463e2b3928a.",
                            "alarm_name": "TargetTracking-table/dmQuestion-ProvisionedCapacityHigh-ca3e28ce-dcc0-42c6-beb6-ea88046fd4c2",
                            "arn": "arn:aws:cloudwatch:us-east-1:744302382340:alarm:TargetTracking-table/dmQuestion-ProvisionedCapacityHigh-ca3e28ce-dcc0-42c6-beb6-ea88046fd4c2",
                            "comparison_operator": "GreaterThanThreshold",
                            "datapoints_to_alarm": "0",
                            "dimensions.%": "1",
                            "dimensions.TableName": "dmQuestion",
                            "evaluate_low_sample_count_percentiles": "",
                            "evaluation_periods": "3",
                            "extended_statistic": "",
                            "id": "TargetTracking-table/dmQuestion-ProvisionedCapacityHigh-ca3e28ce-dcc0-42c6-beb6-ea88046fd4c2",
                            "insufficient_data_actions.#": "0",
                            "metric_name": "ProvisionedReadCapacityUnits",
                            "namespace": "AWS/DynamoDB",
                            "ok_actions.#": "0",
                            "period": "300",
                            "statistic": "Average",
                            "tags.%": "0",
                            "tags_all.%": "0",
                            "threshold": "1",
                            "threshold_metric_id": "",
                            "treat_missing_data": "",
                            "unit": ""
                        },
                        "meta": {
                            "schema_version": 1
                        },
                        "tainted": false
                    },
                    "deposed": [],
                    "provider": "provider.aws"
                },
                "aws_cloudwatch_metric_alarm.tfer--TargetTracking-002D-table-002F-dmQuestion-002D-ProvisionedCapacityLow-002D-8f486c4e-002D-e463-002D-42ca-002D-b676-002D-3df3e684748a": {
                    "type": "aws_cloudwatch_metric_alarm",
                    "depends_on": [],
                    "primary": {
                        "id": "TargetTracking-table/dmQuestion-ProvisionedCapacityLow-8f486c4e-e463-42ca-b676-3df3e684748a",
                        "attributes": {
                            "actions_enabled": "true",
                            "alarm_actions.#": "1",
                            "alarm_actions.0": "arn:aws:autoscaling:us-east-1:744302382340:scalingPolicy:eb838934-9f8c-4b9a-b0a0-7007120c2d1f:resource/dynamodb/table/dmQuestion:policyName/$dmQuestion-scaling-policy:createdBy/003135b0-4335-4463-ad50-4c9c328c07a1",
                            "alarm_description": "DO NOT EDIT OR DELETE. For TargetTrackingScaling policy arn:aws:autoscaling:us-east-1:744302382340:scalingPolicy:eb838934-9f8c-4b9a-b0a0-7007120c2d1f:resource/dynamodb/table/dmQuestion:policyName/$dmQuestion-scaling-policy:createdBy/003135b0-4335-4463-ad50-4c9c328c07a1.",
                            "alarm_name": "TargetTracking-table/dmQuestion-ProvisionedCapacityLow-8f486c4e-e463-42ca-b676-3df3e684748a",
                            "arn": "arn:aws:cloudwatch:us-east-1:744302382340:alarm:TargetTracking-table/dmQuestion-ProvisionedCapacityLow-8f486c4e-e463-42ca-b676-3df3e684748a",
                            "comparison_operator": "LessThanThreshold",
                            "datapoints_to_alarm": "0",
                            "dimensions.%": "1",
                            "dimensions.TableName": "dmQuestion",
                            "evaluate_low_sample_count_percentiles": "",
                            "evaluation_periods": "3",
                            "extended_statistic": "",
                            "id": "TargetTracking-table/dmQuestion-ProvisionedCapacityLow-8f486c4e-e463-42ca-b676-3df3e684748a",
                            "insufficient_data_actions.#": "0",
                            "metric_name": "ProvisionedWriteCapacityUnits",
                            "namespace": "AWS/DynamoDB",
                            "ok_actions.#": "0",
                            "period": "300",
                            "statistic": "Average",
                            "tags.%": "0",
                            "tags_all.%": "0",
                            "threshold": "1",
                            "threshold_metric_id": "",
                            "treat_missing_data": "",
                            "unit": ""
                        },
                        "meta": {
                            "schema_version": 1
                        },
                        "tainted": false
                    },
                    "deposed": [],
                    "provider": "provider.aws"
                },
                "aws_cloudwatch_metric_alarm.tfer--TargetTracking-002D-table-002F-dmQuestion-002D-ProvisionedCapacityLow-002D-c66c6589-002D-fa62-002D-44d6-002D-b9e2-002D-6c566f74ad29": {
                    "type": "aws_cloudwatch_metric_alarm",
                    "depends_on": [],
                    "primary": {
                        "id": "TargetTracking-table/dmQuestion-ProvisionedCapacityLow-c66c6589-fa62-44d6-b9e2-6c566f74ad29",
                        "attributes": {
                            "actions_enabled": "true",
                            "alarm_actions.#": "1",
                            "alarm_actions.0": "arn:aws:autoscaling:us-east-1:744302382340:scalingPolicy:d1479d89-bf74-4e76-ae9c-8d88c290745c:resource/dynamodb/table/dmQuestion:policyName/$dmQuestion-scaling-policy:createdBy/37f0ae7e-a441-41b5-ad36-6463e2b3928a",
                            "alarm_description": "DO NOT EDIT OR DELETE. For TargetTrackingScaling policy arn:aws:autoscaling:us-east-1:744302382340:scalingPolicy:d1479d89-bf74-4e76-ae9c-8d88c290745c:resource/dynamodb/table/dmQuestion:policyName/$dmQuestion-scaling-policy:createdBy/37f0ae7e-a441-41b5-ad36-6463e2b3928a.",
                            "alarm_name": "TargetTracking-table/dmQuestion-ProvisionedCapacityLow-c66c6589-fa62-44d6-b9e2-6c566f74ad29",
                            "arn": "arn:aws:cloudwatch:us-east-1:744302382340:alarm:TargetTracking-table/dmQuestion-ProvisionedCapacityLow-c66c6589-fa62-44d6-b9e2-6c566f74ad29",
                            "comparison_operator": "LessThanThreshold",
                            "datapoints_to_alarm": "0",
                            "dimensions.%": "1",
                            "dimensions.TableName": "dmQuestion",
                            "evaluate_low_sample_count_percentiles": "",
                            "evaluation_periods": "3",
                            "extended_statistic": "",
                            "id": "TargetTracking-table/dmQuestion-ProvisionedCapacityLow-c66c6589-fa62-44d6-b9e2-6c566f74ad29",
                            "insufficient_data_actions.#": "0",
                            "metric_name": "ProvisionedReadCapacityUnits",
                            "namespace": "AWS/DynamoDB",
                            "ok_actions.#": "0",
                            "period": "300",
                            "statistic": "Average",
                            "tags.%": "0",
                            "tags_all.%": "0",
                            "threshold": "1",
                            "threshold_metric_id": "",
                            "treat_missing_data": "",
                            "unit": ""
                        },
                        "meta": {
                            "schema_version": 1
                        },
                        "tainted": false
                    },
                    "deposed": [],
                    "provider": "provider.aws"
                },
                "aws_cloudwatch_metric_alarm.tfer--TargetTracking-002D-table-002F-headsincloud_question-002D-AlarmHigh-002D-33accf37-002D-99f1-002D-4138-002D-8322-002D-4e867996b39c": {
                    "type": "aws_cloudwatch_metric_alarm",
                    "depends_on": [],
                    "primary": {
                        "id": "TargetTracking-table/headsincloud_question-AlarmHigh-33accf37-99f1-4138-8322-4e867996b39c",
                        "attributes": {
                            "actions_enabled": "true",
                            "alarm_actions.#": "1",
                            "alarm_actions.0": "arn:aws:autoscaling:us-east-1:744302382340:scalingPolicy:bf3fc8f8-7471-4d42-879d-8b9314e34140:resource/dynamodb/table/headsincloud_question:policyName/$headsincloud_question-scaling-policy:createdBy/9d9b2b29-d5e9-43d7-8e7b-1b6b9530f301",
                            "alarm_description": "DO NOT EDIT OR DELETE. For TargetTrackingScaling policy arn:aws:autoscaling:us-east-1:744302382340:scalingPolicy:bf3fc8f8-7471-4d42-879d-8b9314e34140:resource/dynamodb/table/headsincloud_question:policyName/$headsincloud_question-scaling-policy:createdBy/9d9b2b29-d5e9-43d7-8e7b-1b6b9530f301.",
                            "alarm_name": "TargetTracking-table/headsincloud_question-AlarmHigh-33accf37-99f1-4138-8322-4e867996b39c",
                            "arn": "arn:aws:cloudwatch:us-east-1:744302382340:alarm:TargetTracking-table/headsincloud_question-AlarmHigh-33accf37-99f1-4138-8322-4e867996b39c",
                            "comparison_operator": "GreaterThanThreshold",
                            "datapoints_to_alarm": "0",
                            "dimensions.%": "1",
                            "dimensions.TableName": "headsincloud_question",
                            "evaluate_low_sample_count_percentiles": "",
                            "evaluation_periods": "2",
                            "extended_statistic": "",
                            "id": "TargetTracking-table/headsincloud_question-AlarmHigh-33accf37-99f1-4138-8322-4e867996b39c",
                            "insufficient_data_actions.#": "0",
                            "metric_name": "ConsumedWriteCapacityUnits",
                            "namespace": "AWS/DynamoDB",
                            "ok_actions.#": "0",
                            "period": "60",
                            "statistic": "Sum",
                            "tags.%": "0",
                            "tags_all.%": "0",
                            "threshold": "42",
                            "threshold_metric_id": "",
                            "treat_missing_data": "",
                            "unit": ""
                        },
                        "meta": {
                            "schema_version": 1
                        },
                        "tainted": false
                    },
                    "deposed": [],
                    "provider": "provider.aws"
                },
                "aws_cloudwatch_metric_alarm.tfer--TargetTracking-002D-table-002F-headsincloud_question-002D-AlarmHigh-002D-9a36ff65-002D-755e-002D-4d20-002D-8421-002D-9289cedd4026": {
                    "type": "aws_cloudwatch_metric_alarm",
                    "depends_on": [],
                    "primary": {
                        "id": "TargetTracking-table/headsincloud_question-AlarmHigh-9a36ff65-755e-4d20-8421-9289cedd4026",
                        "attributes": {
                            "actions_enabled": "true",
                            "alarm_actions.#": "1",
                            "alarm_actions.0": "arn:aws:autoscaling:us-east-1:744302382340:scalingPolicy:cb87b6dc-2aab-4b38-a1a4-0557cbb02495:resource/dynamodb/table/headsincloud_question:policyName/$headsincloud_question-scaling-policy:createdBy/2f6f177e-e48c-413d-b27c-89ef4cf597b9",
                            "alarm_description": "DO NOT EDIT OR DELETE. For TargetTrackingScaling policy arn:aws:autoscaling:us-east-1:744302382340:scalingPolicy:cb87b6dc-2aab-4b38-a1a4-0557cbb02495:resource/dynamodb/table/headsincloud_question:policyName/$headsincloud_question-scaling-policy:createdBy/2f6f177e-e48c-413d-b27c-89ef4cf597b9.",
                            "alarm_name": "TargetTracking-table/headsincloud_question-AlarmHigh-9a36ff65-755e-4d20-8421-9289cedd4026",
                            "arn": "arn:aws:cloudwatch:us-east-1:744302382340:alarm:TargetTracking-table/headsincloud_question-AlarmHigh-9a36ff65-755e-4d20-8421-9289cedd4026",
                            "comparison_operator": "GreaterThanThreshold",
                            "datapoints_to_alarm": "0",
                            "dimensions.%": "1",
                            "dimensions.TableName": "headsincloud_question",
                            "evaluate_low_sample_count_percentiles": "",
                            "evaluation_periods": "2",
                            "extended_statistic": "",
                            "id": "TargetTracking-table/headsincloud_question-AlarmHigh-9a36ff65-755e-4d20-8421-9289cedd4026",
                            "insufficient_data_actions.#": "0",
                            "metric_name": "ConsumedReadCapacityUnits",
                            "namespace": "AWS/DynamoDB",
                            "ok_actions.#": "0",
                            "period": "60",
                            "statistic": "Sum",
                            "tags.%": "0",
                            "tags_all.%": "0",
                            "threshold": "42",
                            "threshold_metric_id": "",
                            "treat_missing_data": "",
                            "unit": ""
                        },
                        "meta": {
                            "schema_version": 1
                        },
                        "tainted": false
                    },
                    "deposed": [],
                    "provider": "provider.aws"
                },
                "aws_cloudwatch_metric_alarm.tfer--TargetTracking-002D-table-002F-headsincloud_question-002D-AlarmLow-002D-02e8cdf4-002D-c4c4-002D-40e2-002D-9580-002D-873dc4a542b5": {
                    "type": "aws_cloudwatch_metric_alarm",
                    "depends_on": [],
                    "primary": {
                        "id": "TargetTracking-table/headsincloud_question-AlarmLow-02e8cdf4-c4c4-40e2-9580-873dc4a542b5",
                        "attributes": {
                            "actions_enabled": "true",
                            "alarm_actions.#": "1",
                            "alarm_actions.0": "arn:aws:autoscaling:us-east-1:744302382340:scalingPolicy:bf3fc8f8-7471-4d42-879d-8b9314e34140:resource/dynamodb/table/headsincloud_question:policyName/$headsincloud_question-scaling-policy:createdBy/9d9b2b29-d5e9-43d7-8e7b-1b6b9530f301",
                            "alarm_description": "DO NOT EDIT OR DELETE. For TargetTrackingScaling policy arn:aws:autoscaling:us-east-1:744302382340:scalingPolicy:bf3fc8f8-7471-4d42-879d-8b9314e34140:resource/dynamodb/table/headsincloud_question:policyName/$headsincloud_question-scaling-policy:createdBy/9d9b2b29-d5e9-43d7-8e7b-1b6b9530f301.",
                            "alarm_name": "TargetTracking-table/headsincloud_question-AlarmLow-02e8cdf4-c4c4-40e2-9580-873dc4a542b5",
                            "arn": "arn:aws:cloudwatch:us-east-1:744302382340:alarm:TargetTracking-table/headsincloud_question-AlarmLow-02e8cdf4-c4c4-40e2-9580-873dc4a542b5",
                            "comparison_operator": "LessThanThreshold",
                            "datapoints_to_alarm": "0",
                            "dimensions.%": "1",
                            "dimensions.TableName": "headsincloud_question",
                            "evaluate_low_sample_count_percentiles": "",
                            "evaluation_periods": "15",
                            "extended_statistic": "",
                            "id": "TargetTracking-table/headsincloud_question-AlarmLow-02e8cdf4-c4c4-40e2-9580-873dc4a542b5",
                            "insufficient_data_actions.#": "0",
                            "metric_name": "ConsumedWriteCapacityUnits",
                            "namespace": "AWS/DynamoDB",
                            "ok_actions.#": "0",
                            "period": "60",
                            "statistic": "Sum",
                            "tags.%": "0",
                            "tags_all.%": "0",
                            "threshold": "30",
                            "threshold_metric_id": "",
                            "treat_missing_data": "",
                            "unit": ""
                        },
                        "meta": {
                            "schema_version": 1
                        },
                        "tainted": false
                    },
                    "deposed": [],
                    "provider": "provider.aws"
                },
                "aws_cloudwatch_metric_alarm.tfer--TargetTracking-002D-table-002F-headsincloud_question-002D-AlarmLow-002D-47339d62-002D-2728-002D-4858-002D-a151-002D-b38a39db70ab": {
                    "type": "aws_cloudwatch_metric_alarm",
                    "depends_on": [],
                    "primary": {
                        "id": "TargetTracking-table/headsincloud_question-AlarmLow-47339d62-2728-4858-a151-b38a39db70ab",
                        "attributes": {
                            "actions_enabled": "true",
                            "alarm_actions.#": "1",
                            "alarm_actions.0": "arn:aws:autoscaling:us-east-1:744302382340:scalingPolicy:cb87b6dc-2aab-4b38-a1a4-0557cbb02495:resource/dynamodb/table/headsincloud_question:policyName/$headsincloud_question-scaling-policy:createdBy/2f6f177e-e48c-413d-b27c-89ef4cf597b9",
                            "alarm_description": "DO NOT EDIT OR DELETE. For TargetTrackingScaling policy arn:aws:autoscaling:us-east-1:744302382340:scalingPolicy:cb87b6dc-2aab-4b38-a1a4-0557cbb02495:resource/dynamodb/table/headsincloud_question:policyName/$headsincloud_question-scaling-policy:createdBy/2f6f177e-e48c-413d-b27c-89ef4cf597b9.",
                            "alarm_name": "TargetTracking-table/headsincloud_question-AlarmLow-47339d62-2728-4858-a151-b38a39db70ab",
                            "arn": "arn:aws:cloudwatch:us-east-1:744302382340:alarm:TargetTracking-table/headsincloud_question-AlarmLow-47339d62-2728-4858-a151-b38a39db70ab",
                            "comparison_operator": "LessThanThreshold",
                            "datapoints_to_alarm": "0",
                            "dimensions.%": "1",
                            "dimensions.TableName": "headsincloud_question",
                            "evaluate_low_sample_count_percentiles": "",
                            "evaluation_periods": "15",
                            "extended_statistic": "",
                            "id": "TargetTracking-table/headsincloud_question-AlarmLow-47339d62-2728-4858-a151-b38a39db70ab",
                            "insufficient_data_actions.#": "0",
                            "metric_name": "ConsumedReadCapacityUnits",
                            "namespace": "AWS/DynamoDB",
                            "ok_actions.#": "0",
                            "period": "60",
                            "statistic": "Sum",
                            "tags.%": "0",
                            "tags_all.%": "0",
                            "threshold": "30",
                            "threshold_metric_id": "",
                            "treat_missing_data": "",
                            "unit": ""
                        },
                        "meta": {
                            "schema_version": 1
                        },
                        "tainted": false
                    },
                    "deposed": [],
                    "provider": "provider.aws"
                },
                "aws_cloudwatch_metric_alarm.tfer--TargetTracking-002D-table-002F-headsincloud_question-002D-ProvisionedCapacityHigh-002D-b6f0954c-002D-7097-002D-45c7-002D-9d42-002D-0e76d798c181": {
                    "type": "aws_cloudwatch_metric_alarm",
                    "depends_on": [],
                    "primary": {
                        "id": "TargetTracking-table/headsincloud_question-ProvisionedCapacityHigh-b6f0954c-7097-45c7-9d42-0e76d798c181",
                        "attributes": {
                            "actions_enabled": "true",
                            "alarm_actions.#": "1",
                            "alarm_actions.0": "arn:aws:autoscaling:us-east-1:744302382340:scalingPolicy:bf3fc8f8-7471-4d42-879d-8b9314e34140:resource/dynamodb/table/headsincloud_question:policyName/$headsincloud_question-scaling-policy:createdBy/9d9b2b29-d5e9-43d7-8e7b-1b6b9530f301",
                            "alarm_description": "DO NOT EDIT OR DELETE. For TargetTrackingScaling policy arn:aws:autoscaling:us-east-1:744302382340:scalingPolicy:bf3fc8f8-7471-4d42-879d-8b9314e34140:resource/dynamodb/table/headsincloud_question:policyName/$headsincloud_question-scaling-policy:createdBy/9d9b2b29-d5e9-43d7-8e7b-1b6b9530f301.",
                            "alarm_name": "TargetTracking-table/headsincloud_question-ProvisionedCapacityHigh-b6f0954c-7097-45c7-9d42-0e76d798c181",
                            "arn": "arn:aws:cloudwatch:us-east-1:744302382340:alarm:TargetTracking-table/headsincloud_question-ProvisionedCapacityHigh-b6f0954c-7097-45c7-9d42-0e76d798c181",
                            "comparison_operator": "GreaterThanThreshold",
                            "datapoints_to_alarm": "0",
                            "dimensions.%": "1",
                            "dimensions.TableName": "headsincloud_question",
                            "evaluate_low_sample_count_percentiles": "",
                            "evaluation_periods": "3",
                            "extended_statistic": "",
                            "id": "TargetTracking-table/headsincloud_question-ProvisionedCapacityHigh-b6f0954c-7097-45c7-9d42-0e76d798c181",
                            "insufficient_data_actions.#": "0",
                            "metric_name": "ProvisionedWriteCapacityUnits",
                            "namespace": "AWS/DynamoDB",
                            "ok_actions.#": "0",
                            "period": "300",
                            "statistic": "Average",
                            "tags.%": "0",
                            "tags_all.%": "0",
                            "threshold": "1",
                            "threshold_metric_id": "",
                            "treat_missing_data": "",
                            "unit": ""
                        },
                        "meta": {
                            "schema_version": 1
                        },
                        "tainted": false
                    },
                    "deposed": [],
                    "provider": "provider.aws"
                },
                "aws_cloudwatch_metric_alarm.tfer--TargetTracking-002D-table-002F-headsincloud_question-002D-ProvisionedCapacityHigh-002D-fb3292b1-002D-4581-002D-4f25-002D-9c7b-002D-b8c47b7bcc61": {
                    "type": "aws_cloudwatch_metric_alarm",
                    "depends_on": [],
                    "primary": {
                        "id": "TargetTracking-table/headsincloud_question-ProvisionedCapacityHigh-fb3292b1-4581-4f25-9c7b-b8c47b7bcc61",
                        "attributes": {
                            "actions_enabled": "true",
                            "alarm_actions.#": "1",
                            "alarm_actions.0": "arn:aws:autoscaling:us-east-1:744302382340:scalingPolicy:cb87b6dc-2aab-4b38-a1a4-0557cbb02495:resource/dynamodb/table/headsincloud_question:policyName/$headsincloud_question-scaling-policy:createdBy/2f6f177e-e48c-413d-b27c-89ef4cf597b9",
                            "alarm_description": "DO NOT EDIT OR DELETE. For TargetTrackingScaling policy arn:aws:autoscaling:us-east-1:744302382340:scalingPolicy:cb87b6dc-2aab-4b38-a1a4-0557cbb02495:resource/dynamodb/table/headsincloud_question:policyName/$headsincloud_question-scaling-policy:createdBy/2f6f177e-e48c-413d-b27c-89ef4cf597b9.",
                            "alarm_name": "TargetTracking-table/headsincloud_question-ProvisionedCapacityHigh-fb3292b1-4581-4f25-9c7b-b8c47b7bcc61",
                            "arn": "arn:aws:cloudwatch:us-east-1:744302382340:alarm:TargetTracking-table/headsincloud_question-ProvisionedCapacityHigh-fb3292b1-4581-4f25-9c7b-b8c47b7bcc61",
                            "comparison_operator": "GreaterThanThreshold",
                            "datapoints_to_alarm": "0",
                            "dimensions.%": "1",
                            "dimensions.TableName": "headsincloud_question",
                            "evaluate_low_sample_count_percentiles": "",
                            "evaluation_periods": "3",
                            "extended_statistic": "",
                            "id": "TargetTracking-table/headsincloud_question-ProvisionedCapacityHigh-fb3292b1-4581-4f25-9c7b-b8c47b7bcc61",
                            "insufficient_data_actions.#": "0",
                            "metric_name": "ProvisionedReadCapacityUnits",
                            "namespace": "AWS/DynamoDB",
                            "ok_actions.#": "0",
                            "period": "300",
                            "statistic": "Average",
                            "tags.%": "0",
                            "tags_all.%": "0",
                            "threshold": "1",
                            "threshold_metric_id": "",
                            "treat_missing_data": "",
                            "unit": ""
                        },
                        "meta": {
                            "schema_version": 1
                        },
                        "tainted": false
                    },
                    "deposed": [],
                    "provider": "provider.aws"
                },
                "aws_cloudwatch_metric_alarm.tfer--TargetTracking-002D-table-002F-headsincloud_question-002D-ProvisionedCapacityLow-002D-42d65f13-002D-838f-002D-4e62-002D-960b-002D-dd9bc2c800d6": {
                    "type": "aws_cloudwatch_metric_alarm",
                    "depends_on": [],
                    "primary": {
                        "id": "TargetTracking-table/headsincloud_question-ProvisionedCapacityLow-42d65f13-838f-4e62-960b-dd9bc2c800d6",
                        "attributes": {
                            "actions_enabled": "true",
                            "alarm_actions.#": "1",
                            "alarm_actions.0": "arn:aws:autoscaling:us-east-1:744302382340:scalingPolicy:cb87b6dc-2aab-4b38-a1a4-0557cbb02495:resource/dynamodb/table/headsincloud_question:policyName/$headsincloud_question-scaling-policy:createdBy/2f6f177e-e48c-413d-b27c-89ef4cf597b9",
                            "alarm_description": "DO NOT EDIT OR DELETE. For TargetTrackingScaling policy arn:aws:autoscaling:us-east-1:744302382340:scalingPolicy:cb87b6dc-2aab-4b38-a1a4-0557cbb02495:resource/dynamodb/table/headsincloud_question:policyName/$headsincloud_question-scaling-policy:createdBy/2f6f177e-e48c-413d-b27c-89ef4cf597b9.",
                            "alarm_name": "TargetTracking-table/headsincloud_question-ProvisionedCapacityLow-42d65f13-838f-4e62-960b-dd9bc2c800d6",
                            "arn": "arn:aws:cloudwatch:us-east-1:744302382340:alarm:TargetTracking-table/headsincloud_question-ProvisionedCapacityLow-42d65f13-838f-4e62-960b-dd9bc2c800d6",
                            "comparison_operator": "LessThanThreshold",
                            "datapoints_to_alarm": "0",
                            "dimensions.%": "1",
                            "dimensions.TableName": "headsincloud_question",
                            "evaluate_low_sample_count_percentiles": "",
                            "evaluation_periods": "3",
                            "extended_statistic": "",
                            "id": "TargetTracking-table/headsincloud_question-ProvisionedCapacityLow-42d65f13-838f-4e62-960b-dd9bc2c800d6",
                            "insufficient_data_actions.#": "0",
                            "metric_name": "ProvisionedReadCapacityUnits",
                            "namespace": "AWS/DynamoDB",
                            "ok_actions.#": "0",
                            "period": "300",
                            "statistic": "Average",
                            "tags.%": "0",
                            "tags_all.%": "0",
                            "threshold": "1",
                            "threshold_metric_id": "",
                            "treat_missing_data": "",
                            "unit": ""
                        },
                        "meta": {
                            "schema_version": 1
                        },
                        "tainted": false
                    },
                    "deposed": [],
                    "provider": "provider.aws"
                },
                "aws_cloudwatch_metric_alarm.tfer--TargetTracking-002D-table-002F-headsincloud_question-002D-ProvisionedCapacityLow-002D-f306d023-002D-4c2f-002D-4cee-002D-89c0-002D-05a366846bc2": {
                    "type": "aws_cloudwatch_metric_alarm",
                    "depends_on": [],
                    "primary": {
                        "id": "TargetTracking-table/headsincloud_question-ProvisionedCapacityLow-f306d023-4c2f-4cee-89c0-05a366846bc2",
                        "attributes": {
                            "actions_enabled": "true",
                            "alarm_actions.#": "1",
                            "alarm_actions.0": "arn:aws:autoscaling:us-east-1:744302382340:scalingPolicy:bf3fc8f8-7471-4d42-879d-8b9314e34140:resource/dynamodb/table/headsincloud_question:policyName/$headsincloud_question-scaling-policy:createdBy/9d9b2b29-d5e9-43d7-8e7b-1b6b9530f301",
                            "alarm_description": "DO NOT EDIT OR DELETE. For TargetTrackingScaling policy arn:aws:autoscaling:us-east-1:744302382340:scalingPolicy:bf3fc8f8-7471-4d42-879d-8b9314e34140:resource/dynamodb/table/headsincloud_question:policyName/$headsincloud_question-scaling-policy:createdBy/9d9b2b29-d5e9-43d7-8e7b-1b6b9530f301.",
                            "alarm_name": "TargetTracking-table/headsincloud_question-ProvisionedCapacityLow-f306d023-4c2f-4cee-89c0-05a366846bc2",
                            "arn": "arn:aws:cloudwatch:us-east-1:744302382340:alarm:TargetTracking-table/headsincloud_question-ProvisionedCapacityLow-f306d023-4c2f-4cee-89c0-05a366846bc2",
                            "comparison_operator": "LessThanThreshold",
                            "datapoints_to_alarm": "0",
                            "dimensions.%": "1",
                            "dimensions.TableName": "headsincloud_question",
                            "evaluate_low_sample_count_percentiles": "",
                            "evaluation_periods": "3",
                            "extended_statistic": "",
                            "id": "TargetTracking-table/headsincloud_question-ProvisionedCapacityLow-f306d023-4c2f-4cee-89c0-05a366846bc2",
                            "insufficient_data_actions.#": "0",
                            "metric_name": "ProvisionedWriteCapacityUnits",
                            "namespace": "AWS/DynamoDB",
                            "ok_actions.#": "0",
                            "period": "300",
                            "statistic": "Average",
                            "tags.%": "0",
                            "tags_all.%": "0",
                            "threshold": "1",
                            "threshold_metric_id": "",
                            "treat_missing_data": "",
                            "unit": ""
                        },
                        "meta": {
                            "schema_version": 1
                        },
                        "tainted": false
                    },
                    "deposed": [],
                    "provider": "provider.aws"
                },
                "aws_cloudwatch_metric_alarm.tfer--TargetTracking-002D-table-002F-testdelete-002D-AlarmHigh-002D-0a9e2b1d-002D-ad01-002D-45fc-002D-95c8-002D-765f8ee3ebf0": {
                    "type": "aws_cloudwatch_metric_alarm",
                    "depends_on": [],
                    "primary": {
                        "id": "TargetTracking-table/testdelete-AlarmHigh-0a9e2b1d-ad01-45fc-95c8-765f8ee3ebf0",
                        "attributes": {
                            "actions_enabled": "true",
                            "alarm_actions.#": "1",
                            "alarm_actions.0": "arn:aws:autoscaling:us-east-1:744302382340:scalingPolicy:c9d896ca-15f7-4a9a-8941-94323012868a:resource/dynamodb/table/testdelete:policyName/$testdelete-scaling-policy:createdBy/2bf19a0d-1b10-4b29-b2ed-6ade9de05b91",
                            "alarm_description": "DO NOT EDIT OR DELETE. For TargetTrackingScaling policy arn:aws:autoscaling:us-east-1:744302382340:scalingPolicy:c9d896ca-15f7-4a9a-8941-94323012868a:resource/dynamodb/table/testdelete:policyName/$testdelete-scaling-policy:createdBy/2bf19a0d-1b10-4b29-b2ed-6ade9de05b91.",
                            "alarm_name": "TargetTracking-table/testdelete-AlarmHigh-0a9e2b1d-ad01-45fc-95c8-765f8ee3ebf0",
                            "arn": "arn:aws:cloudwatch:us-east-1:744302382340:alarm:TargetTracking-table/testdelete-AlarmHigh-0a9e2b1d-ad01-45fc-95c8-765f8ee3ebf0",
                            "comparison_operator": "GreaterThanThreshold",
                            "datapoints_to_alarm": "0",
                            "dimensions.%": "1",
                            "dimensions.TableName": "testdelete",
                            "evaluate_low_sample_count_percentiles": "",
                            "evaluation_periods": "2",
                            "extended_statistic": "",
                            "id": "TargetTracking-table/testdelete-AlarmHigh-0a9e2b1d-ad01-45fc-95c8-765f8ee3ebf0",
                            "insufficient_data_actions.#": "0",
                            "metric_name": "ConsumedReadCapacityUnits",
                            "namespace": "AWS/DynamoDB",
                            "ok_actions.#": "0",
                            "period": "60",
                            "statistic": "Sum",
                            "tags.%": "0",
                            "tags_all.%": "0",
                            "threshold": "42",
                            "threshold_metric_id": "",
                            "treat_missing_data": "",
                            "unit": ""
                        },
                        "meta": {
                            "schema_version": 1
                        },
                        "tainted": false
                    },
                    "deposed": [],
                    "provider": "provider.aws"
                },
                "aws_cloudwatch_metric_alarm.tfer--TargetTracking-002D-table-002F-testdelete-002D-AlarmHigh-002D-d3c8513c-002D-b4fb-002D-4ea7-002D-b10a-002D-6b1dd2eca396": {
                    "type": "aws_cloudwatch_metric_alarm",
                    "depends_on": [],
                    "primary": {
                        "id": "TargetTracking-table/testdelete-AlarmHigh-d3c8513c-b4fb-4ea7-b10a-6b1dd2eca396",
                        "attributes": {
                            "actions_enabled": "true",
                            "alarm_actions.#": "1",
                            "alarm_actions.0": "arn:aws:autoscaling:us-east-1:744302382340:scalingPolicy:3109aec6-d286-42a0-9ae7-125b106003a9:resource/dynamodb/table/testdelete:policyName/$testdelete-scaling-policy:createdBy/43392093-a9f7-478f-914f-485b55408939",
                            "alarm_description": "DO NOT EDIT OR DELETE. For TargetTrackingScaling policy arn:aws:autoscaling:us-east-1:744302382340:scalingPolicy:3109aec6-d286-42a0-9ae7-125b106003a9:resource/dynamodb/table/testdelete:policyName/$testdelete-scaling-policy:createdBy/43392093-a9f7-478f-914f-485b55408939.",
                            "alarm_name": "TargetTracking-table/testdelete-AlarmHigh-d3c8513c-b4fb-4ea7-b10a-6b1dd2eca396",
                            "arn": "arn:aws:cloudwatch:us-east-1:744302382340:alarm:TargetTracking-table/testdelete-AlarmHigh-d3c8513c-b4fb-4ea7-b10a-6b1dd2eca396",
                            "comparison_operator": "GreaterThanThreshold",
                            "datapoints_to_alarm": "0",
                            "dimensions.%": "1",
                            "dimensions.TableName": "testdelete",
                            "evaluate_low_sample_count_percentiles": "",
                            "evaluation_periods": "2",
                            "extended_statistic": "",
                            "id": "TargetTracking-table/testdelete-AlarmHigh-d3c8513c-b4fb-4ea7-b10a-6b1dd2eca396",
                            "insufficient_data_actions.#": "0",
                            "metric_name": "ConsumedWriteCapacityUnits",
                            "namespace": "AWS/DynamoDB",
                            "ok_actions.#": "0",
                            "period": "60",
                            "statistic": "Sum",
                            "tags.%": "0",
                            "tags_all.%": "0",
                            "threshold": "42",
                            "threshold_metric_id": "",
                            "treat_missing_data": "",
                            "unit": ""
                        },
                        "meta": {
                            "schema_version": 1
                        },
                        "tainted": false
                    },
                    "deposed": [],
                    "provider": "provider.aws"
                },
                "aws_cloudwatch_metric_alarm.tfer--TargetTracking-002D-table-002F-testdelete-002D-AlarmLow-002D-a019f377-002D-f9db-002D-4a09-002D-a3a9-002D-c78183b0fa41": {
                    "type": "aws_cloudwatch_metric_alarm",
                    "depends_on": [],
                    "primary": {
                        "id": "TargetTracking-table/testdelete-AlarmLow-a019f377-f9db-4a09-a3a9-c78183b0fa41",
                        "attributes": {
                            "actions_enabled": "true",
                            "alarm_actions.#": "1",
                            "alarm_actions.0": "arn:aws:autoscaling:us-east-1:744302382340:scalingPolicy:c9d896ca-15f7-4a9a-8941-94323012868a:resource/dynamodb/table/testdelete:policyName/$testdelete-scaling-policy:createdBy/2bf19a0d-1b10-4b29-b2ed-6ade9de05b91",
                            "alarm_description": "DO NOT EDIT OR DELETE. For TargetTrackingScaling policy arn:aws:autoscaling:us-east-1:744302382340:scalingPolicy:c9d896ca-15f7-4a9a-8941-94323012868a:resource/dynamodb/table/testdelete:policyName/$testdelete-scaling-policy:createdBy/2bf19a0d-1b10-4b29-b2ed-6ade9de05b91.",
                            "alarm_name": "TargetTracking-table/testdelete-AlarmLow-a019f377-f9db-4a09-a3a9-c78183b0fa41",
                            "arn": "arn:aws:cloudwatch:us-east-1:744302382340:alarm:TargetTracking-table/testdelete-AlarmLow-a019f377-f9db-4a09-a3a9-c78183b0fa41",
                            "comparison_operator": "LessThanThreshold",
                            "datapoints_to_alarm": "0",
                            "dimensions.%": "1",
                            "dimensions.TableName": "testdelete",
                            "evaluate_low_sample_count_percentiles": "",
                            "evaluation_periods": "15",
                            "extended_statistic": "",
                            "id": "TargetTracking-table/testdelete-AlarmLow-a019f377-f9db-4a09-a3a9-c78183b0fa41",
                            "insufficient_data_actions.#": "0",
                            "metric_name": "ConsumedReadCapacityUnits",
                            "namespace": "AWS/DynamoDB",
                            "ok_actions.#": "0",
                            "period": "60",
                            "statistic": "Sum",
                            "tags.%": "0",
                            "tags_all.%": "0",
                            "threshold": "30",
                            "threshold_metric_id": "",
                            "treat_missing_data": "",
                            "unit": ""
                        },
                        "meta": {
                            "schema_version": 1
                        },
                        "tainted": false
                    },
                    "deposed": [],
                    "provider": "provider.aws"
                },
                "aws_cloudwatch_metric_alarm.tfer--TargetTracking-002D-table-002F-testdelete-002D-AlarmLow-002D-c117a565-002D-2cfe-002D-4409-002D-a9a1-002D-5b9749b79159": {
                    "type": "aws_cloudwatch_metric_alarm",
                    "depends_on": [],
                    "primary": {
                        "id": "TargetTracking-table/testdelete-AlarmLow-c117a565-2cfe-4409-a9a1-5b9749b79159",
                        "attributes": {
                            "actions_enabled": "true",
                            "alarm_actions.#": "1",
                            "alarm_actions.0": "arn:aws:autoscaling:us-east-1:744302382340:scalingPolicy:3109aec6-d286-42a0-9ae7-125b106003a9:resource/dynamodb/table/testdelete:policyName/$testdelete-scaling-policy:createdBy/43392093-a9f7-478f-914f-485b55408939",
                            "alarm_description": "DO NOT EDIT OR DELETE. For TargetTrackingScaling policy arn:aws:autoscaling:us-east-1:744302382340:scalingPolicy:3109aec6-d286-42a0-9ae7-125b106003a9:resource/dynamodb/table/testdelete:policyName/$testdelete-scaling-policy:createdBy/43392093-a9f7-478f-914f-485b55408939.",
                            "alarm_name": "TargetTracking-table/testdelete-AlarmLow-c117a565-2cfe-4409-a9a1-5b9749b79159",
                            "arn": "arn:aws:cloudwatch:us-east-1:744302382340:alarm:TargetTracking-table/testdelete-AlarmLow-c117a565-2cfe-4409-a9a1-5b9749b79159",
                            "comparison_operator": "LessThanThreshold",
                            "datapoints_to_alarm": "0",
                            "dimensions.%": "1",
                            "dimensions.TableName": "testdelete",
                            "evaluate_low_sample_count_percentiles": "",
                            "evaluation_periods": "15",
                            "extended_statistic": "",
                            "id": "TargetTracking-table/testdelete-AlarmLow-c117a565-2cfe-4409-a9a1-5b9749b79159",
                            "insufficient_data_actions.#": "0",
                            "metric_name": "ConsumedWriteCapacityUnits",
                            "namespace": "AWS/DynamoDB",
                            "ok_actions.#": "0",
                            "period": "60",
                            "statistic": "Sum",
                            "tags.%": "0",
                            "tags_all.%": "0",
                            "threshold": "30",
                            "threshold_metric_id": "",
                            "treat_missing_data": "",
                            "unit": ""
                        },
                        "meta": {
                            "schema_version": 1
                        },
                        "tainted": false
                    },
                    "deposed": [],
                    "provider": "provider.aws"
                },
                "aws_cloudwatch_metric_alarm.tfer--TargetTracking-002D-table-002F-testdelete-002D-ProvisionedCapacityHigh-002D-7c1ae1cb-002D-e49d-002D-4256-002D-9e21-002D-1e5dc70ac983": {
                    "type": "aws_cloudwatch_metric_alarm",
                    "depends_on": [],
                    "primary": {
                        "id": "TargetTracking-table/testdelete-ProvisionedCapacityHigh-7c1ae1cb-e49d-4256-9e21-1e5dc70ac983",
                        "attributes": {
                            "actions_enabled": "true",
                            "alarm_actions.#": "1",
                            "alarm_actions.0": "arn:aws:autoscaling:us-east-1:744302382340:scalingPolicy:c9d896ca-15f7-4a9a-8941-94323012868a:resource/dynamodb/table/testdelete:policyName/$testdelete-scaling-policy:createdBy/2bf19a0d-1b10-4b29-b2ed-6ade9de05b91",
                            "alarm_description": "DO NOT EDIT OR DELETE. For TargetTrackingScaling policy arn:aws:autoscaling:us-east-1:744302382340:scalingPolicy:c9d896ca-15f7-4a9a-8941-94323012868a:resource/dynamodb/table/testdelete:policyName/$testdelete-scaling-policy:createdBy/2bf19a0d-1b10-4b29-b2ed-6ade9de05b91.",
                            "alarm_name": "TargetTracking-table/testdelete-ProvisionedCapacityHigh-7c1ae1cb-e49d-4256-9e21-1e5dc70ac983",
                            "arn": "arn:aws:cloudwatch:us-east-1:744302382340:alarm:TargetTracking-table/testdelete-ProvisionedCapacityHigh-7c1ae1cb-e49d-4256-9e21-1e5dc70ac983",
                            "comparison_operator": "GreaterThanThreshold",
                            "datapoints_to_alarm": "0",
                            "dimensions.%": "1",
                            "dimensions.TableName": "testdelete",
                            "evaluate_low_sample_count_percentiles": "",
                            "evaluation_periods": "3",
                            "extended_statistic": "",
                            "id": "TargetTracking-table/testdelete-ProvisionedCapacityHigh-7c1ae1cb-e49d-4256-9e21-1e5dc70ac983",
                            "insufficient_data_actions.#": "0",
                            "metric_name": "ProvisionedReadCapacityUnits",
                            "namespace": "AWS/DynamoDB",
                            "ok_actions.#": "0",
                            "period": "300",
                            "statistic": "Average",
                            "tags.%": "0",
                            "tags_all.%": "0",
                            "threshold": "1",
                            "threshold_metric_id": "",
                            "treat_missing_data": "",
                            "unit": ""
                        },
                        "meta": {
                            "schema_version": 1
                        },
                        "tainted": false
                    },
                    "deposed": [],
                    "provider": "provider.aws"
                },
                "aws_cloudwatch_metric_alarm.tfer--TargetTracking-002D-table-002F-testdelete-002D-ProvisionedCapacityHigh-002D-961cfb39-002D-1e1e-002D-4a30-002D-a537-002D-cc15701191b0": {
                    "type": "aws_cloudwatch_metric_alarm",
                    "depends_on": [],
                    "primary": {
                        "id": "TargetTracking-table/testdelete-ProvisionedCapacityHigh-961cfb39-1e1e-4a30-a537-cc15701191b0",
                        "attributes": {
                            "actions_enabled": "true",
                            "alarm_actions.#": "1",
                            "alarm_actions.0": "arn:aws:autoscaling:us-east-1:744302382340:scalingPolicy:3109aec6-d286-42a0-9ae7-125b106003a9:resource/dynamodb/table/testdelete:policyName/$testdelete-scaling-policy:createdBy/43392093-a9f7-478f-914f-485b55408939",
                            "alarm_description": "DO NOT EDIT OR DELETE. For TargetTrackingScaling policy arn:aws:autoscaling:us-east-1:744302382340:scalingPolicy:3109aec6-d286-42a0-9ae7-125b106003a9:resource/dynamodb/table/testdelete:policyName/$testdelete-scaling-policy:createdBy/43392093-a9f7-478f-914f-485b55408939.",
                            "alarm_name": "TargetTracking-table/testdelete-ProvisionedCapacityHigh-961cfb39-1e1e-4a30-a537-cc15701191b0",
                            "arn": "arn:aws:cloudwatch:us-east-1:744302382340:alarm:TargetTracking-table/testdelete-ProvisionedCapacityHigh-961cfb39-1e1e-4a30-a537-cc15701191b0",
                            "comparison_operator": "GreaterThanThreshold",
                            "datapoints_to_alarm": "0",
                            "dimensions.%": "1",
                            "dimensions.TableName": "testdelete",
                            "evaluate_low_sample_count_percentiles": "",
                            "evaluation_periods": "3",
                            "extended_statistic": "",
                            "id": "TargetTracking-table/testdelete-ProvisionedCapacityHigh-961cfb39-1e1e-4a30-a537-cc15701191b0",
                            "insufficient_data_actions.#": "0",
                            "metric_name": "ProvisionedWriteCapacityUnits",
                            "namespace": "AWS/DynamoDB",
                            "ok_actions.#": "0",
                            "period": "300",
                            "statistic": "Average",
                            "tags.%": "0",
                            "tags_all.%": "0",
                            "threshold": "1",
                            "threshold_metric_id": "",
                            "treat_missing_data": "",
                            "unit": ""
                        },
                        "meta": {
                            "schema_version": 1
                        },
                        "tainted": false
                    },
                    "deposed": [],
                    "provider": "provider.aws"
                },
                "aws_cloudwatch_metric_alarm.tfer--TargetTracking-002D-table-002F-testdelete-002D-ProvisionedCapacityLow-002D-385d98d9-002D-8e81-002D-47cd-002D-815c-002D-7e9dcf9e4e3f": {
                    "type": "aws_cloudwatch_metric_alarm",
                    "depends_on": [],
                    "primary": {
                        "id": "TargetTracking-table/testdelete-ProvisionedCapacityLow-385d98d9-8e81-47cd-815c-7e9dcf9e4e3f",
                        "attributes": {
                            "actions_enabled": "true",
                            "alarm_actions.#": "1",
                            "alarm_actions.0": "arn:aws:autoscaling:us-east-1:744302382340:scalingPolicy:c9d896ca-15f7-4a9a-8941-94323012868a:resource/dynamodb/table/testdelete:policyName/$testdelete-scaling-policy:createdBy/2bf19a0d-1b10-4b29-b2ed-6ade9de05b91",
                            "alarm_description": "DO NOT EDIT OR DELETE. For TargetTrackingScaling policy arn:aws:autoscaling:us-east-1:744302382340:scalingPolicy:c9d896ca-15f7-4a9a-8941-94323012868a:resource/dynamodb/table/testdelete:policyName/$testdelete-scaling-policy:createdBy/2bf19a0d-1b10-4b29-b2ed-6ade9de05b91.",
                            "alarm_name": "TargetTracking-table/testdelete-ProvisionedCapacityLow-385d98d9-8e81-47cd-815c-7e9dcf9e4e3f",
                            "arn": "arn:aws:cloudwatch:us-east-1:744302382340:alarm:TargetTracking-table/testdelete-ProvisionedCapacityLow-385d98d9-8e81-47cd-815c-7e9dcf9e4e3f",
                            "comparison_operator": "LessThanThreshold",
                            "datapoints_to_alarm": "0",
                            "dimensions.%": "1",
                            "dimensions.TableName": "testdelete",
                            "evaluate_low_sample_count_percentiles": "",
                            "evaluation_periods": "3",
                            "extended_statistic": "",
                            "id": "TargetTracking-table/testdelete-ProvisionedCapacityLow-385d98d9-8e81-47cd-815c-7e9dcf9e4e3f",
                            "insufficient_data_actions.#": "0",
                            "metric_name": "ProvisionedReadCapacityUnits",
                            "namespace": "AWS/DynamoDB",
                            "ok_actions.#": "0",
                            "period": "300",
                            "statistic": "Average",
                            "tags.%": "0",
                            "tags_all.%": "0",
                            "threshold": "1",
                            "threshold_metric_id": "",
                            "treat_missing_data": "",
                            "unit": ""
                        },
                        "meta": {
                            "schema_version": 1
                        },
                        "tainted": false
                    },
                    "deposed": [],
                    "provider": "provider.aws"
                },
                "aws_cloudwatch_metric_alarm.tfer--TargetTracking-002D-table-002F-testdelete-002D-ProvisionedCapacityLow-002D-bfc12284-002D-2be7-002D-432c-002D-8fe7-002D-9bf5b1d6fcfe": {
                    "type": "aws_cloudwatch_metric_alarm",
                    "depends_on": [],
                    "primary": {
                        "id": "TargetTracking-table/testdelete-ProvisionedCapacityLow-bfc12284-2be7-432c-8fe7-9bf5b1d6fcfe",
                        "attributes": {
                            "actions_enabled": "true",
                            "alarm_actions.#": "1",
                            "alarm_actions.0": "arn:aws:autoscaling:us-east-1:744302382340:scalingPolicy:3109aec6-d286-42a0-9ae7-125b106003a9:resource/dynamodb/table/testdelete:policyName/$testdelete-scaling-policy:createdBy/43392093-a9f7-478f-914f-485b55408939",
                            "alarm_description": "DO NOT EDIT OR DELETE. For TargetTrackingScaling policy arn:aws:autoscaling:us-east-1:744302382340:scalingPolicy:3109aec6-d286-42a0-9ae7-125b106003a9:resource/dynamodb/table/testdelete:policyName/$testdelete-scaling-policy:createdBy/43392093-a9f7-478f-914f-485b55408939.",
                            "alarm_name": "TargetTracking-table/testdelete-ProvisionedCapacityLow-bfc12284-2be7-432c-8fe7-9bf5b1d6fcfe",
                            "arn": "arn:aws:cloudwatch:us-east-1:744302382340:alarm:TargetTracking-table/testdelete-ProvisionedCapacityLow-bfc12284-2be7-432c-8fe7-9bf5b1d6fcfe",
                            "comparison_operator": "LessThanThreshold",
                            "datapoints_to_alarm": "0",
                            "dimensions.%": "1",
                            "dimensions.TableName": "testdelete",
                            "evaluate_low_sample_count_percentiles": "",
                            "evaluation_periods": "3",
                            "extended_statistic": "",
                            "id": "TargetTracking-table/testdelete-ProvisionedCapacityLow-bfc12284-2be7-432c-8fe7-9bf5b1d6fcfe",
                            "insufficient_data_actions.#": "0",
                            "metric_name": "ProvisionedWriteCapacityUnits",
                            "namespace": "AWS/DynamoDB",
                            "ok_actions.#": "0",
                            "period": "300",
                            "statistic": "Average",
                            "tags.%": "0",
                            "tags_all.%": "0",
                            "threshold": "1",
                            "threshold_metric_id": "",
                            "treat_missing_data": "",
                            "unit": ""
                        },
                        "meta": {
                            "schema_version": 1
                        },
                        "tainted": false
                    },
                    "deposed": [],
                    "provider": "provider.aws"
                }
            },
            "depends_on": []
        }
    ]
}
